
Microsoft Visual Studio Solution File, Format Version 12.00
# Visual Studio Version 17
VisualStudioVersion = 17.6.33829.357
MinimumVisualStudioVersion = 10.0.40219.1
Project("{FAE04EC0-301F-11D3-BF4B-00C04F79EFBC}") = "L3_BD", "L3_BD.csproj", "{342BD08B-3BB8-4725-9E7A-CE42DC7BDA31}"
EndProject
Global
	GlobalSection(SolutionConfigurationPlatforms) = preSolution
		Debug|Any CPU = Debug|Any CPU
		Release|Any CPU = Release|Any CPU
	EndGlobalSection
	GlobalSection(ProjectConfigurationPlatforms) = postSolution
		{342BD08B-3BB8-4725-9E7A-CE42DC7BDA31}.Debug|Any CPU.ActiveCfg = Debug|Any CPU
		{342BD08B-3BB8-4725-9E7A-CE42DC7BDA31}.Debug|Any CPU.Build.0 = Debug|Any CPU
		{342BD08B-3BB8-4725-9E7A-CE42DC7BDA31}.Release|Any CPU.ActiveCfg = Release|Any CPU
		{342BD08B-3BB8-4725-9E7A-CE42DC7BDA31}.Release|Any CPU.Build.0 = Release|Any CPU
	EndGlobalSection
	GlobalSection(SolutionProperties) = preSolution
		HideSolutionNode = FALSE
	EndGlobalSection
	GlobalSection(ExtensibilityGlobals) = postSolution
		SolutionGuid = {18FE5DAA-0F08-466E-B77E-1CB88432F90B}
	EndGlobalSection
EndGlobal
